
Microsoft Visual Studio Solution File, Format Version 12.00
# Visual Studio Version 16
VisualStudioVersion = 16.0.31613.86
MinimumVisualStudioVersion = 10.0.40219.1
Project("{FAE04EC0-301F-11D3-BF4B-00C04F79EFBC}") = "cursocsharp", "cursocsharp\cursocsharp.csproj", "{3BD654D2-8071-4A9A-AE1A-AD6E9523BD7D}"
EndProject
Global
	GlobalSection(SolutionConfigurationPlatforms) = preSolution
		Debug|Any CPU = Debug|Any CPU
		Release|Any CPU = Release|Any CPU
	EndGlobalSection
	GlobalSection(ProjectConfigurationPlatforms) = postSolution
		{3BD654D2-8071-4A9A-AE1A-AD6E9523BD7D}.Debug|Any CPU.ActiveCfg = Debug|Any CPU
		{3BD654D2-8071-4A9A-AE1A-AD6E9523BD7D}.Debug|Any CPU.Build.0 = Debug|Any CPU
		{3BD654D2-8071-4A9A-AE1A-AD6E9523BD7D}.Release|Any CPU.ActiveCfg = Release|Any CPU
		{3BD654D2-8071-4A9A-AE1A-AD6E9523BD7D}.Release|Any CPU.Build.0 = Release|Any CPU
	EndGlobalSection
	GlobalSection(SolutionProperties) = preSolution
		HideSolutionNode = FALSE
	EndGlobalSection
	GlobalSection(ExtensibilityGlobals) = postSolution
		SolutionGuid = {B53049E2-7E90-4BA7-84F9-FB29271E7619}
	EndGlobalSection
EndGlobal
