
Microsoft Visual Studio Solution File, Format Version 12.00
# Visual Studio Version 16
VisualStudioVersion = 16.0.29418.71
MinimumVisualStudioVersion = 10.0.40219.1
Project("{FAE04EC0-301F-11D3-BF4B-00C04F79EFBC}") = "CafeMenuApp.UWP", "CafeMenuApp\CafeMenuApp.UWP\CafeMenuApp.UWP.csproj", "{B42510D9-9046-43D2-A900-DBCA6104FC83}"
EndProject
Project("{FAE04EC0-301F-11D3-BF4B-00C04F79EFBC}") = "CafeMenuApp.Android", "CafeMenuApp\CafeMenuApp.Android\CafeMenuApp.Android.csproj", "{712BE840-6193-4874-80AD-EAF2D1962042}"
EndProject
Project("{FAE04EC0-301F-11D3-BF4B-00C04F79EFBC}") = "CafeMenuApp.iOS", "CafeMenuApp\CafeMenuApp.iOS\CafeMenuApp.iOS.csproj", "{73C68778-CF14-45BB-BC57-8F00E65A64A8}"
EndProject
Project("{FAE04EC0-301F-11D3-BF4B-00C04F79EFBC}") = "CafeMenuApp", "CafeMenuApp\CafeMenuApp\CafeMenuApp.csproj", "{BF92AC0D-3109-4D5E-B383-6F29CA18F68A}"
EndProject
Global
	GlobalSection(SolutionConfigurationPlatforms) = preSolution
		Debug|Any CPU = Debug|Any CPU
		Debug|ARM = Debug|ARM
		Debug|iPhone = Debug|iPhone
		Debug|iPhoneSimulator = Debug|iPhoneSimulator
		Debug|x64 = Debug|x64
		Debug|x86 = Debug|x86
		Release|Any CPU = Release|Any CPU
		Release|ARM = Release|ARM
		Release|iPhone = Release|iPhone
		Release|iPhoneSimulator = Release|iPhoneSimulator
		Release|x64 = Release|x64
		Release|x86 = Release|x86
	EndGlobalSection
	GlobalSection(ProjectConfigurationPlatforms) = postSolution
		{B42510D9-9046-43D2-A900-DBCA6104FC83}.Debug|Any CPU.ActiveCfg = Debug|x86
		{B42510D9-9046-43D2-A900-DBCA6104FC83}.Debug|Any CPU.Build.0 = Debug|x86
		{B42510D9-9046-43D2-A900-DBCA6104FC83}.Debug|Any CPU.Deploy.0 = Debug|x86
		{B42510D9-9046-43D2-A900-DBCA6104FC83}.Debug|ARM.ActiveCfg = Debug|ARM
		{B42510D9-9046-43D2-A900-DBCA6104FC83}.Debug|ARM.Build.0 = Debug|ARM
		{B42510D9-9046-43D2-A900-DBCA6104FC83}.Debug|ARM.Deploy.0 = Debug|ARM
		{B42510D9-9046-43D2-A900-DBCA6104FC83}.Debug|iPhone.ActiveCfg = Debug|x86
		{B42510D9-9046-43D2-A900-DBCA6104FC83}.Debug|iPhone.Build.0 = Debug|x86
		{B42510D9-9046-43D2-A900-DBCA6104FC83}.Debug|iPhone.Deploy.0 = Debug|x86
		{B42510D9-9046-43D2-A900-DBCA6104FC83}.Debug|iPhoneSimulator.ActiveCfg = Debug|x86
		{B42510D9-9046-43D2-A900-DBCA6104FC83}.Debug|iPhoneSimulator.Build.0 = Debug|x86
		{B42510D9-9046-43D2-A900-DBCA6104FC83}.Debug|iPhoneSimulator.Deploy.0 = Debug|x86
		{B42510D9-9046-43D2-A900-DBCA6104FC83}.Debug|x64.ActiveCfg = Debug|x64
		{B42510D9-9046-43D2-A900-DBCA6104FC83}.Debug|x64.Build.0 = Debug|x64
		{B42510D9-9046-43D2-A900-DBCA6104FC83}.Debug|x64.Deploy.0 = Debug|x64
		{B42510D9-9046-43D2-A900-DBCA6104FC83}.Debug|x86.ActiveCfg = Debug|x86
		{B42510D9-9046-43D2-A900-DBCA6104FC83}.Debug|x86.Build.0 = Debug|x86
		{B42510D9-9046-43D2-A900-DBCA6104FC83}.Debug|x86.Deploy.0 = Debug|x86
		{B42510D9-9046-43D2-A900-DBCA6104FC83}.Release|Any CPU.ActiveCfg = Release|x86
		{B42510D9-9046-43D2-A900-DBCA6104FC83}.Release|Any CPU.Build.0 = Release|x86
		{B42510D9-9046-43D2-A900-DBCA6104FC83}.Release|Any CPU.Deploy.0 = Release|x86
		{B42510D9-9046-43D2-A900-DBCA6104FC83}.Release|ARM.ActiveCfg = Release|ARM
		{B42510D9-9046-43D2-A900-DBCA6104FC83}.Release|ARM.Build.0 = Release|ARM
		{B42510D9-9046-43D2-A900-DBCA6104FC83}.Release|ARM.Deploy.0 = Release|ARM
		{B42510D9-9046-43D2-A900-DBCA6104FC83}.Release|iPhone.ActiveCfg = Release|x86
		{B42510D9-9046-43D2-A900-DBCA6104FC83}.Release|iPhone.Build.0 = Release|x86
		{B42510D9-9046-43D2-A900-DBCA6104FC83}.Release|iPhone.Deploy.0 = Release|x86
		{B42510D9-9046-43D2-A900-DBCA6104FC83}.Release|iPhoneSimulator.ActiveCfg = Release|x86
		{B42510D9-9046-43D2-A900-DBCA6104FC83}.Release|iPhoneSimulator.Build.0 = Release|x86
		{B42510D9-9046-43D2-A900-DBCA6104FC83}.Release|iPhoneSimulator.Deploy.0 = Release|x86
		{B42510D9-9046-43D2-A900-DBCA6104FC83}.Release|x64.ActiveCfg = Release|x64
		{B42510D9-9046-43D2-A900-DBCA6104FC83}.Release|x64.Build.0 = Release|x64
		{B42510D9-9046-43D2-A900-DBCA6104FC83}.Release|x64.Deploy.0 = Release|x64
		{B42510D9-9046-43D2-A900-DBCA6104FC83}.Release|x86.ActiveCfg = Release|x86
		{B42510D9-9046-43D2-A900-DBCA6104FC83}.Release|x86.Build.0 = Release|x86
		{B42510D9-9046-43D2-A900-DBCA6104FC83}.Release|x86.Deploy.0 = Release|x86
		{712BE840-6193-4874-80AD-EAF2D1962042}.Debug|Any CPU.ActiveCfg = Debug|Any CPU
		{712BE840-6193-4874-80AD-EAF2D1962042}.Debug|Any CPU.Build.0 = Debug|Any CPU
		{712BE840-6193-4874-80AD-EAF2D1962042}.Debug|Any CPU.Deploy.0 = Debug|Any CPU
		{712BE840-6193-4874-80AD-EAF2D1962042}.Debug|ARM.ActiveCfg = Debug|Any CPU
		{712BE840-6193-4874-80AD-EAF2D1962042}.Debug|ARM.Build.0 = Debug|Any CPU
		{712BE840-6193-4874-80AD-EAF2D1962042}.Debug|ARM.Deploy.0 = Debug|Any CPU
		{712BE840-6193-4874-80AD-EAF2D1962042}.Debug|iPhone.ActiveCfg = Debug|Any CPU
		{712BE840-6193-4874-80AD-EAF2D1962042}.Debug|iPhone.Build.0 = Debug|Any CPU
		{712BE840-6193-4874-80AD-EAF2D1962042}.Debug|iPhone.Deploy.0 = Debug|Any CPU
		{712BE840-6193-4874-80AD-EAF2D1962042}.Debug|iPhoneSimulator.ActiveCfg = Debug|Any CPU
		{712BE840-6193-4874-80AD-EAF2D1962042}.Debug|iPhoneSimulator.Build.0 = Debug|Any CPU
		{712BE840-6193-4874-80AD-EAF2D1962042}.Debug|iPhoneSimulator.Deploy.0 = Debug|Any CPU
		{712BE840-6193-4874-80AD-EAF2D1962042}.Debug|x64.ActiveCfg = Debug|Any CPU
		{712BE840-6193-4874-80AD-EAF2D1962042}.Debug|x64.Build.0 = Debug|Any CPU
		{712BE840-6193-4874-80AD-EAF2D1962042}.Debug|x64.Deploy.0 = Debug|Any CPU
		{712BE840-6193-4874-80AD-EAF2D1962042}.Debug|x86.ActiveCfg = Debug|Any CPU
		{712BE840-6193-4874-80AD-EAF2D1962042}.Debug|x86.Build.0 = Debug|Any CPU
		{712BE840-6193-4874-80AD-EAF2D1962042}.Debug|x86.Deploy.0 = Debug|Any CPU
		{712BE840-6193-4874-80AD-EAF2D1962042}.Release|Any CPU.ActiveCfg = Release|Any CPU
		{712BE840-6193-4874-80AD-EAF2D1962042}.Release|Any CPU.Build.0 = Release|Any CPU
		{712BE840-6193-4874-80AD-EAF2D1962042}.Release|Any CPU.Deploy.0 = Release|Any CPU
		{712BE840-6193-4874-80AD-EAF2D1962042}.Release|ARM.ActiveCfg = Release|Any CPU
		{712BE840-6193-4874-80AD-EAF2D1962042}.Release|ARM.Build.0 = Release|Any CPU
		{712BE840-6193-4874-80AD-EAF2D1962042}.Release|ARM.Deploy.0 = Release|Any CPU
		{712BE840-6193-4874-80AD-EAF2D1962042}.Release|iPhone.ActiveCfg = Release|Any CPU
		{712BE840-6193-4874-80AD-EAF2D1962042}.Release|iPhone.Build.0 = Release|Any CPU
		{712BE840-6193-4874-80AD-EAF2D1962042}.Release|iPhone.Deploy.0 = Release|Any CPU
		{712BE840-6193-4874-80AD-EAF2D1962042}.Release|iPhoneSimulator.ActiveCfg = Release|Any CPU
		{712BE840-6193-4874-80AD-EAF2D1962042}.Release|iPhoneSimulator.Build.0 = Release|Any CPU
		{712BE840-6193-4874-80AD-EAF2D1962042}.Release|iPhoneSimulator.Deploy.0 = Release|Any CPU
		{712BE840-6193-4874-80AD-EAF2D1962042}.Release|x64.ActiveCfg = Release|Any CPU
		{712BE840-6193-4874-80AD-EAF2D1962042}.Release|x64.Build.0 = Release|Any CPU
		{712BE840-6193-4874-80AD-EAF2D1962042}.Release|x64.Deploy.0 = Release|Any CPU
		{712BE840-6193-4874-80AD-EAF2D1962042}.Release|x86.ActiveCfg = Release|Any CPU
		{712BE840-6193-4874-80AD-EAF2D1962042}.Release|x86.Build.0 = Release|Any CPU
		{712BE840-6193-4874-80AD-EAF2D1962042}.Release|x86.Deploy.0 = Release|Any CPU
		{73C68778-CF14-45BB-BC57-8F00E65A64A8}.Debug|Any CPU.ActiveCfg = Debug|iPhone
		{73C68778-CF14-45BB-BC57-8F00E65A64A8}.Debug|Any CPU.Build.0 = Debug|iPhone
		{73C68778-CF14-45BB-BC57-8F00E65A64A8}.Debug|Any CPU.Deploy.0 = Debug|iPhone
		{73C68778-CF14-45BB-BC57-8F00E65A64A8}.Debug|ARM.ActiveCfg = Debug|iPhoneSimulator
		{73C68778-CF14-45BB-BC57-8F00E65A64A8}.Debug|ARM.Build.0 = Debug|iPhoneSimulator
		{73C68778-CF14-45BB-BC57-8F00E65A64A8}.Debug|ARM.Deploy.0 = Debug|iPhoneSimulator
		{73C68778-CF14-45BB-BC57-8F00E65A64A8}.Debug|iPhone.ActiveCfg = Debug|iPhone
		{73C68778-CF14-45BB-BC57-8F00E65A64A8}.Debug|iPhone.Build.0 = Debug|iPhone
		{73C68778-CF14-45BB-BC57-8F00E65A64A8}.Debug|iPhone.Deploy.0 = Debug|iPhone
		{73C68778-CF14-45BB-BC57-8F00E65A64A8}.Debug|iPhoneSimulator.ActiveCfg = Debug|iPhoneSimulator
		{73C68778-CF14-45BB-BC57-8F00E65A64A8}.Debug|iPhoneSimulator.Build.0 = Debug|iPhoneSimulator
		{73C68778-CF14-45BB-BC57-8F00E65A64A8}.Debug|iPhoneSimulator.Deploy.0 = Debug|iPhoneSimulator
		{73C68778-CF14-45BB-BC57-8F00E65A64A8}.Debug|x64.ActiveCfg = Debug|iPhone
		{73C68778-CF14-45BB-BC57-8F00E65A64A8}.Debug|x64.Build.0 = Debug|iPhone
		{73C68778-CF14-45BB-BC57-8F00E65A64A8}.Debug|x64.Deploy.0 = Debug|iPhone
		{73C68778-CF14-45BB-BC57-8F00E65A64A8}.Debug|x86.ActiveCfg = Debug|iPhone
		{73C68778-CF14-45BB-BC57-8F00E65A64A8}.Debug|x86.Build.0 = Debug|iPhone
		{73C68778-CF14-45BB-BC57-8F00E65A64A8}.Debug|x86.Deploy.0 = Debug|iPhone
		{73C68778-CF14-45BB-BC57-8F00E65A64A8}.Release|Any CPU.ActiveCfg = Release|iPhone
		{73C68778-CF14-45BB-BC57-8F00E65A64A8}.Release|Any CPU.Build.0 = Release|iPhone
		{73C68778-CF14-45BB-BC57-8F00E65A64A8}.Release|Any CPU.Deploy.0 = Release|iPhone
		{73C68778-CF14-45BB-BC57-8F00E65A64A8}.Release|ARM.ActiveCfg = Release|iPhone
		{73C68778-CF14-45BB-BC57-8F00E65A64A8}.Release|ARM.Build.0 = Release|iPhone
		{73C68778-CF14-45BB-BC57-8F00E65A64A8}.Release|ARM.Deploy.0 = Release|iPhone
		{73C68778-CF14-45BB-BC57-8F00E65A64A8}.Release|iPhone.ActiveCfg = Release|iPhone
		{73C68778-CF14-45BB-BC57-8F00E65A64A8}.Release|iPhone.Build.0 = Release|iPhone
		{73C68778-CF14-45BB-BC57-8F00E65A64A8}.Release|iPhone.Deploy.0 = Release|iPhone
		{73C68778-CF14-45BB-BC57-8F00E65A64A8}.Release|iPhoneSimulator.ActiveCfg = Release|iPhoneSimulator
		{73C68778-CF14-45BB-BC57-8F00E65A64A8}.Release|iPhoneSimulator.Build.0 = Release|iPhoneSimulator
		{73C68778-CF14-45BB-BC57-8F00E65A64A8}.Release|iPhoneSimulator.Deploy.0 = Release|iPhoneSimulator
		{73C68778-CF14-45BB-BC57-8F00E65A64A8}.Release|x64.ActiveCfg = Release|iPhone
		{73C68778-CF14-45BB-BC57-8F00E65A64A8}.Release|x64.Build.0 = Release|iPhone
		{73C68778-CF14-45BB-BC57-8F00E65A64A8}.Release|x64.Deploy.0 = Release|iPhone
		{73C68778-CF14-45BB-BC57-8F00E65A64A8}.Release|x86.ActiveCfg = Release|iPhone
		{73C68778-CF14-45BB-BC57-8F00E65A64A8}.Release|x86.Build.0 = Release|iPhone
		{73C68778-CF14-45BB-BC57-8F00E65A64A8}.Release|x86.Deploy.0 = Release|iPhone
		{BF92AC0D-3109-4D5E-B383-6F29CA18F68A}.Debug|Any CPU.ActiveCfg = Debug|Any CPU
		{BF92AC0D-3109-4D5E-B383-6F29CA18F68A}.Debug|Any CPU.Build.0 = Debug|Any CPU
		{BF92AC0D-3109-4D5E-B383-6F29CA18F68A}.Debug|Any CPU.Deploy.0 = Debug|Any CPU
		{BF92AC0D-3109-4D5E-B383-6F29CA18F68A}.Debug|ARM.ActiveCfg = Debug|Any CPU
		{BF92AC0D-3109-4D5E-B383-6F29CA18F68A}.Debug|ARM.Build.0 = Debug|Any CPU
		{BF92AC0D-3109-4D5E-B383-6F29CA18F68A}.Debug|ARM.Deploy.0 = Debug|Any CPU
		{BF92AC0D-3109-4D5E-B383-6F29CA18F68A}.Debug|iPhone.ActiveCfg = Debug|Any CPU
		{BF92AC0D-3109-4D5E-B383-6F29CA18F68A}.Debug|iPhone.Build.0 = Debug|Any CPU
		{BF92AC0D-3109-4D5E-B383-6F29CA18F68A}.Debug|iPhone.Deploy.0 = Debug|Any CPU
		{BF92AC0D-3109-4D5E-B383-6F29CA18F68A}.Debug|iPhoneSimulator.ActiveCfg = Debug|Any CPU
		{BF92AC0D-3109-4D5E-B383-6F29CA18F68A}.Debug|iPhoneSimulator.Build.0 = Debug|Any CPU
		{BF92AC0D-3109-4D5E-B383-6F29CA18F68A}.Debug|iPhoneSimulator.Deploy.0 = Debug|Any CPU
		{BF92AC0D-3109-4D5E-B383-6F29CA18F68A}.Debug|x64.ActiveCfg = Debug|Any CPU
		{BF92AC0D-3109-4D5E-B383-6F29CA18F68A}.Debug|x64.Build.0 = Debug|Any CPU
		{BF92AC0D-3109-4D5E-B383-6F29CA18F68A}.Debug|x64.Deploy.0 = Debug|Any CPU
		{BF92AC0D-3109-4D5E-B383-6F29CA18F68A}.Debug|x86.ActiveCfg = Debug|Any CPU
		{BF92AC0D-3109-4D5E-B383-6F29CA18F68A}.Debug|x86.Build.0 = Debug|Any CPU
		{BF92AC0D-3109-4D5E-B383-6F29CA18F68A}.Debug|x86.Deploy.0 = Debug|Any CPU
		{BF92AC0D-3109-4D5E-B383-6F29CA18F68A}.Release|Any CPU.ActiveCfg = Release|Any CPU
		{BF92AC0D-3109-4D5E-B383-6F29CA18F68A}.Release|Any CPU.Build.0 = Release|Any CPU
		{BF92AC0D-3109-4D5E-B383-6F29CA18F68A}.Release|Any CPU.Deploy.0 = Release|Any CPU
		{BF92AC0D-3109-4D5E-B383-6F29CA18F68A}.Release|ARM.ActiveCfg = Release|Any CPU
		{BF92AC0D-3109-4D5E-B383-6F29CA18F68A}.Release|ARM.Build.0 = Release|Any CPU
		{BF92AC0D-3109-4D5E-B383-6F29CA18F68A}.Release|ARM.Deploy.0 = Release|Any CPU
		{BF92AC0D-3109-4D5E-B383-6F29CA18F68A}.Release|iPhone.ActiveCfg = Release|Any CPU
		{BF92AC0D-3109-4D5E-B383-6F29CA18F68A}.Release|iPhone.Build.0 = Release|Any CPU
		{BF92AC0D-3109-4D5E-B383-6F29CA18F68A}.Release|iPhone.Deploy.0 = Release|Any CPU
		{BF92AC0D-3109-4D5E-B383-6F29CA18F68A}.Release|iPhoneSimulator.ActiveCfg = Release|Any CPU
		{BF92AC0D-3109-4D5E-B383-6F29CA18F68A}.Release|iPhoneSimulator.Build.0 = Release|Any CPU
		{BF92AC0D-3109-4D5E-B383-6F29CA18F68A}.Release|iPhoneSimulator.Deploy.0 = Release|Any CPU
		{BF92AC0D-3109-4D5E-B383-6F29CA18F68A}.Release|x64.ActiveCfg = Release|Any CPU
		{BF92AC0D-3109-4D5E-B383-6F29CA18F68A}.Release|x64.Build.0 = Release|Any CPU
		{BF92AC0D-3109-4D5E-B383-6F29CA18F68A}.Release|x64.Deploy.0 = Release|Any CPU
		{BF92AC0D-3109-4D5E-B383-6F29CA18F68A}.Release|x86.ActiveCfg = Release|Any CPU
		{BF92AC0D-3109-4D5E-B383-6F29CA18F68A}.Release|x86.Build.0 = Release|Any CPU
		{BF92AC0D-3109-4D5E-B383-6F29CA18F68A}.Release|x86.Deploy.0 = Release|Any CPU
	EndGlobalSection
	GlobalSection(SolutionProperties) = preSolution
		HideSolutionNode = FALSE
	EndGlobalSection
	GlobalSection(ExtensibilityGlobals) = postSolution
		SolutionGuid = {DD8F649D-8BAF-471A-86B6-FB48E325B97B}
	EndGlobalSection
EndGlobal
