
Microsoft Visual Studio Solution File, Format Version 12.00
# Visual Studio Version 16
VisualStudioVersion = 16.0.29230.47
MinimumVisualStudioVersion = 10.0.40219.1
Project("{FAE04EC0-301F-11D3-BF4B-00C04F79EFBC}") = "RegisterPageApp.UWP", "RegisterPageApp\RegisterPageApp.UWP\RegisterPageApp.UWP.csproj", "{A4E84C4F-3617-4341-B1A9-CC90E42DC6CB}"
EndProject
Project("{FAE04EC0-301F-11D3-BF4B-00C04F79EFBC}") = "RegisterPageApp.Android", "RegisterPageApp\RegisterPageApp.Android\RegisterPageApp.Android.csproj", "{1476AEBA-5A1F-49B9-9722-6A1E2157F34B}"
EndProject
Project("{FAE04EC0-301F-11D3-BF4B-00C04F79EFBC}") = "RegisterPageApp.iOS", "RegisterPageApp\RegisterPageApp.iOS\RegisterPageApp.iOS.csproj", "{67869084-DA5F-48EC-8EEE-7BB8996EC8C3}"
EndProject
Project("{FAE04EC0-301F-11D3-BF4B-00C04F79EFBC}") = "RegisterPageApp", "RegisterPageApp\RegisterPageApp\RegisterPageApp.csproj", "{6ABA1D40-653F-4323-8F00-BAFA8B343D20}"
EndProject
Global
	GlobalSection(SolutionConfigurationPlatforms) = preSolution
		Debug|Any CPU = Debug|Any CPU
		Debug|ARM = Debug|ARM
		Debug|iPhone = Debug|iPhone
		Debug|iPhoneSimulator = Debug|iPhoneSimulator
		Debug|x64 = Debug|x64
		Debug|x86 = Debug|x86
		Release|Any CPU = Release|Any CPU
		Release|ARM = Release|ARM
		Release|iPhone = Release|iPhone
		Release|iPhoneSimulator = Release|iPhoneSimulator
		Release|x64 = Release|x64
		Release|x86 = Release|x86
	EndGlobalSection
	GlobalSection(ProjectConfigurationPlatforms) = postSolution
		{A4E84C4F-3617-4341-B1A9-CC90E42DC6CB}.Debug|Any CPU.ActiveCfg = Debug|x86
		{A4E84C4F-3617-4341-B1A9-CC90E42DC6CB}.Debug|Any CPU.Build.0 = Debug|x86
		{A4E84C4F-3617-4341-B1A9-CC90E42DC6CB}.Debug|Any CPU.Deploy.0 = Debug|x86
		{A4E84C4F-3617-4341-B1A9-CC90E42DC6CB}.Debug|ARM.ActiveCfg = Debug|ARM
		{A4E84C4F-3617-4341-B1A9-CC90E42DC6CB}.Debug|ARM.Build.0 = Debug|ARM
		{A4E84C4F-3617-4341-B1A9-CC90E42DC6CB}.Debug|ARM.Deploy.0 = Debug|ARM
		{A4E84C4F-3617-4341-B1A9-CC90E42DC6CB}.Debug|iPhone.ActiveCfg = Debug|x86
		{A4E84C4F-3617-4341-B1A9-CC90E42DC6CB}.Debug|iPhone.Build.0 = Debug|x86
		{A4E84C4F-3617-4341-B1A9-CC90E42DC6CB}.Debug|iPhone.Deploy.0 = Debug|x86
		{A4E84C4F-3617-4341-B1A9-CC90E42DC6CB}.Debug|iPhoneSimulator.ActiveCfg = Debug|x86
		{A4E84C4F-3617-4341-B1A9-CC90E42DC6CB}.Debug|iPhoneSimulator.Build.0 = Debug|x86
		{A4E84C4F-3617-4341-B1A9-CC90E42DC6CB}.Debug|iPhoneSimulator.Deploy.0 = Debug|x86
		{A4E84C4F-3617-4341-B1A9-CC90E42DC6CB}.Debug|x64.ActiveCfg = Debug|x64
		{A4E84C4F-3617-4341-B1A9-CC90E42DC6CB}.Debug|x64.Build.0 = Debug|x64
		{A4E84C4F-3617-4341-B1A9-CC90E42DC6CB}.Debug|x64.Deploy.0 = Debug|x64
		{A4E84C4F-3617-4341-B1A9-CC90E42DC6CB}.Debug|x86.ActiveCfg = Debug|x86
		{A4E84C4F-3617-4341-B1A9-CC90E42DC6CB}.Debug|x86.Build.0 = Debug|x86
		{A4E84C4F-3617-4341-B1A9-CC90E42DC6CB}.Debug|x86.Deploy.0 = Debug|x86
		{A4E84C4F-3617-4341-B1A9-CC90E42DC6CB}.Release|Any CPU.ActiveCfg = Release|x86
		{A4E84C4F-3617-4341-B1A9-CC90E42DC6CB}.Release|Any CPU.Build.0 = Release|x86
		{A4E84C4F-3617-4341-B1A9-CC90E42DC6CB}.Release|Any CPU.Deploy.0 = Release|x86
		{A4E84C4F-3617-4341-B1A9-CC90E42DC6CB}.Release|ARM.ActiveCfg = Release|ARM
		{A4E84C4F-3617-4341-B1A9-CC90E42DC6CB}.Release|ARM.Build.0 = Release|ARM
		{A4E84C4F-3617-4341-B1A9-CC90E42DC6CB}.Release|ARM.Deploy.0 = Release|ARM
		{A4E84C4F-3617-4341-B1A9-CC90E42DC6CB}.Release|iPhone.ActiveCfg = Release|x86
		{A4E84C4F-3617-4341-B1A9-CC90E42DC6CB}.Release|iPhone.Build.0 = Release|x86
		{A4E84C4F-3617-4341-B1A9-CC90E42DC6CB}.Release|iPhone.Deploy.0 = Release|x86
		{A4E84C4F-3617-4341-B1A9-CC90E42DC6CB}.Release|iPhoneSimulator.ActiveCfg = Release|x86
		{A4E84C4F-3617-4341-B1A9-CC90E42DC6CB}.Release|iPhoneSimulator.Build.0 = Release|x86
		{A4E84C4F-3617-4341-B1A9-CC90E42DC6CB}.Release|iPhoneSimulator.Deploy.0 = Release|x86
		{A4E84C4F-3617-4341-B1A9-CC90E42DC6CB}.Release|x64.ActiveCfg = Release|x64
		{A4E84C4F-3617-4341-B1A9-CC90E42DC6CB}.Release|x64.Build.0 = Release|x64
		{A4E84C4F-3617-4341-B1A9-CC90E42DC6CB}.Release|x64.Deploy.0 = Release|x64
		{A4E84C4F-3617-4341-B1A9-CC90E42DC6CB}.Release|x86.ActiveCfg = Release|x86
		{A4E84C4F-3617-4341-B1A9-CC90E42DC6CB}.Release|x86.Build.0 = Release|x86
		{A4E84C4F-3617-4341-B1A9-CC90E42DC6CB}.Release|x86.Deploy.0 = Release|x86
		{1476AEBA-5A1F-49B9-9722-6A1E2157F34B}.Debug|Any CPU.ActiveCfg = Debug|Any CPU
		{1476AEBA-5A1F-49B9-9722-6A1E2157F34B}.Debug|Any CPU.Build.0 = Debug|Any CPU
		{1476AEBA-5A1F-49B9-9722-6A1E2157F34B}.Debug|Any CPU.Deploy.0 = Debug|Any CPU
		{1476AEBA-5A1F-49B9-9722-6A1E2157F34B}.Debug|ARM.ActiveCfg = Debug|Any CPU
		{1476AEBA-5A1F-49B9-9722-6A1E2157F34B}.Debug|ARM.Build.0 = Debug|Any CPU
		{1476AEBA-5A1F-49B9-9722-6A1E2157F34B}.Debug|ARM.Deploy.0 = Debug|Any CPU
		{1476AEBA-5A1F-49B9-9722-6A1E2157F34B}.Debug|iPhone.ActiveCfg = Debug|Any CPU
		{1476AEBA-5A1F-49B9-9722-6A1E2157F34B}.Debug|iPhone.Build.0 = Debug|Any CPU
		{1476AEBA-5A1F-49B9-9722-6A1E2157F34B}.Debug|iPhone.Deploy.0 = Debug|Any CPU
		{1476AEBA-5A1F-49B9-9722-6A1E2157F34B}.Debug|iPhoneSimulator.ActiveCfg = Debug|Any CPU
		{1476AEBA-5A1F-49B9-9722-6A1E2157F34B}.Debug|iPhoneSimulator.Build.0 = Debug|Any CPU
		{1476AEBA-5A1F-49B9-9722-6A1E2157F34B}.Debug|iPhoneSimulator.Deploy.0 = Debug|Any CPU
		{1476AEBA-5A1F-49B9-9722-6A1E2157F34B}.Debug|x64.ActiveCfg = Debug|Any CPU
		{1476AEBA-5A1F-49B9-9722-6A1E2157F34B}.Debug|x64.Build.0 = Debug|Any CPU
		{1476AEBA-5A1F-49B9-9722-6A1E2157F34B}.Debug|x64.Deploy.0 = Debug|Any CPU
		{1476AEBA-5A1F-49B9-9722-6A1E2157F34B}.Debug|x86.ActiveCfg = Debug|Any CPU
		{1476AEBA-5A1F-49B9-9722-6A1E2157F34B}.Debug|x86.Build.0 = Debug|Any CPU
		{1476AEBA-5A1F-49B9-9722-6A1E2157F34B}.Debug|x86.Deploy.0 = Debug|Any CPU
		{1476AEBA-5A1F-49B9-9722-6A1E2157F34B}.Release|Any CPU.ActiveCfg = Release|Any CPU
		{1476AEBA-5A1F-49B9-9722-6A1E2157F34B}.Release|Any CPU.Build.0 = Release|Any CPU
		{1476AEBA-5A1F-49B9-9722-6A1E2157F34B}.Release|Any CPU.Deploy.0 = Release|Any CPU
		{1476AEBA-5A1F-49B9-9722-6A1E2157F34B}.Release|ARM.ActiveCfg = Release|Any CPU
		{1476AEBA-5A1F-49B9-9722-6A1E2157F34B}.Release|ARM.Build.0 = Release|Any CPU
		{1476AEBA-5A1F-49B9-9722-6A1E2157F34B}.Release|ARM.Deploy.0 = Release|Any CPU
		{1476AEBA-5A1F-49B9-9722-6A1E2157F34B}.Release|iPhone.ActiveCfg = Release|Any CPU
		{1476AEBA-5A1F-49B9-9722-6A1E2157F34B}.Release|iPhone.Build.0 = Release|Any CPU
		{1476AEBA-5A1F-49B9-9722-6A1E2157F34B}.Release|iPhone.Deploy.0 = Release|Any CPU
		{1476AEBA-5A1F-49B9-9722-6A1E2157F34B}.Release|iPhoneSimulator.ActiveCfg = Release|Any CPU
		{1476AEBA-5A1F-49B9-9722-6A1E2157F34B}.Release|iPhoneSimulator.Build.0 = Release|Any CPU
		{1476AEBA-5A1F-49B9-9722-6A1E2157F34B}.Release|iPhoneSimulator.Deploy.0 = Release|Any CPU
		{1476AEBA-5A1F-49B9-9722-6A1E2157F34B}.Release|x64.ActiveCfg = Release|Any CPU
		{1476AEBA-5A1F-49B9-9722-6A1E2157F34B}.Release|x64.Build.0 = Release|Any CPU
		{1476AEBA-5A1F-49B9-9722-6A1E2157F34B}.Release|x64.Deploy.0 = Release|Any CPU
		{1476AEBA-5A1F-49B9-9722-6A1E2157F34B}.Release|x86.ActiveCfg = Release|Any CPU
		{1476AEBA-5A1F-49B9-9722-6A1E2157F34B}.Release|x86.Build.0 = Release|Any CPU
		{1476AEBA-5A1F-49B9-9722-6A1E2157F34B}.Release|x86.Deploy.0 = Release|Any CPU
		{67869084-DA5F-48EC-8EEE-7BB8996EC8C3}.Debug|Any CPU.ActiveCfg = Debug|iPhone
		{67869084-DA5F-48EC-8EEE-7BB8996EC8C3}.Debug|Any CPU.Build.0 = Debug|iPhone
		{67869084-DA5F-48EC-8EEE-7BB8996EC8C3}.Debug|Any CPU.Deploy.0 = Debug|iPhone
		{67869084-DA5F-48EC-8EEE-7BB8996EC8C3}.Debug|ARM.ActiveCfg = Debug|iPhoneSimulator
		{67869084-DA5F-48EC-8EEE-7BB8996EC8C3}.Debug|ARM.Build.0 = Debug|iPhoneSimulator
		{67869084-DA5F-48EC-8EEE-7BB8996EC8C3}.Debug|ARM.Deploy.0 = Debug|iPhoneSimulator
		{67869084-DA5F-48EC-8EEE-7BB8996EC8C3}.Debug|iPhone.ActiveCfg = Debug|iPhone
		{67869084-DA5F-48EC-8EEE-7BB8996EC8C3}.Debug|iPhone.Build.0 = Debug|iPhone
		{67869084-DA5F-48EC-8EEE-7BB8996EC8C3}.Debug|iPhone.Deploy.0 = Debug|iPhone
		{67869084-DA5F-48EC-8EEE-7BB8996EC8C3}.Debug|iPhoneSimulator.ActiveCfg = Debug|iPhoneSimulator
		{67869084-DA5F-48EC-8EEE-7BB8996EC8C3}.Debug|iPhoneSimulator.Build.0 = Debug|iPhoneSimulator
		{67869084-DA5F-48EC-8EEE-7BB8996EC8C3}.Debug|iPhoneSimulator.Deploy.0 = Debug|iPhoneSimulator
		{67869084-DA5F-48EC-8EEE-7BB8996EC8C3}.Debug|x64.ActiveCfg = Debug|iPhone
		{67869084-DA5F-48EC-8EEE-7BB8996EC8C3}.Debug|x64.Build.0 = Debug|iPhone
		{67869084-DA5F-48EC-8EEE-7BB8996EC8C3}.Debug|x64.Deploy.0 = Debug|iPhone
		{67869084-DA5F-48EC-8EEE-7BB8996EC8C3}.Debug|x86.ActiveCfg = Debug|iPhone
		{67869084-DA5F-48EC-8EEE-7BB8996EC8C3}.Debug|x86.Build.0 = Debug|iPhone
		{67869084-DA5F-48EC-8EEE-7BB8996EC8C3}.Debug|x86.Deploy.0 = Debug|iPhone
		{67869084-DA5F-48EC-8EEE-7BB8996EC8C3}.Release|Any CPU.ActiveCfg = Release|iPhone
		{67869084-DA5F-48EC-8EEE-7BB8996EC8C3}.Release|Any CPU.Build.0 = Release|iPhone
		{67869084-DA5F-48EC-8EEE-7BB8996EC8C3}.Release|Any CPU.Deploy.0 = Release|iPhone
		{67869084-DA5F-48EC-8EEE-7BB8996EC8C3}.Release|ARM.ActiveCfg = Release|iPhone
		{67869084-DA5F-48EC-8EEE-7BB8996EC8C3}.Release|ARM.Build.0 = Release|iPhone
		{67869084-DA5F-48EC-8EEE-7BB8996EC8C3}.Release|ARM.Deploy.0 = Release|iPhone
		{67869084-DA5F-48EC-8EEE-7BB8996EC8C3}.Release|iPhone.ActiveCfg = Release|iPhone
		{67869084-DA5F-48EC-8EEE-7BB8996EC8C3}.Release|iPhone.Build.0 = Release|iPhone
		{67869084-DA5F-48EC-8EEE-7BB8996EC8C3}.Release|iPhone.Deploy.0 = Release|iPhone
		{67869084-DA5F-48EC-8EEE-7BB8996EC8C3}.Release|iPhoneSimulator.ActiveCfg = Release|iPhoneSimulator
		{67869084-DA5F-48EC-8EEE-7BB8996EC8C3}.Release|iPhoneSimulator.Build.0 = Release|iPhoneSimulator
		{67869084-DA5F-48EC-8EEE-7BB8996EC8C3}.Release|iPhoneSimulator.Deploy.0 = Release|iPhoneSimulator
		{67869084-DA5F-48EC-8EEE-7BB8996EC8C3}.Release|x64.ActiveCfg = Release|iPhone
		{67869084-DA5F-48EC-8EEE-7BB8996EC8C3}.Release|x64.Build.0 = Release|iPhone
		{67869084-DA5F-48EC-8EEE-7BB8996EC8C3}.Release|x64.Deploy.0 = Release|iPhone
		{67869084-DA5F-48EC-8EEE-7BB8996EC8C3}.Release|x86.ActiveCfg = Release|iPhone
		{67869084-DA5F-48EC-8EEE-7BB8996EC8C3}.Release|x86.Build.0 = Release|iPhone
		{67869084-DA5F-48EC-8EEE-7BB8996EC8C3}.Release|x86.Deploy.0 = Release|iPhone
		{6ABA1D40-653F-4323-8F00-BAFA8B343D20}.Debug|Any CPU.ActiveCfg = Debug|Any CPU
		{6ABA1D40-653F-4323-8F00-BAFA8B343D20}.Debug|Any CPU.Build.0 = Debug|Any CPU
		{6ABA1D40-653F-4323-8F00-BAFA8B343D20}.Debug|Any CPU.Deploy.0 = Debug|Any CPU
		{6ABA1D40-653F-4323-8F00-BAFA8B343D20}.Debug|ARM.ActiveCfg = Debug|Any CPU
		{6ABA1D40-653F-4323-8F00-BAFA8B343D20}.Debug|ARM.Build.0 = Debug|Any CPU
		{6ABA1D40-653F-4323-8F00-BAFA8B343D20}.Debug|ARM.Deploy.0 = Debug|Any CPU
		{6ABA1D40-653F-4323-8F00-BAFA8B343D20}.Debug|iPhone.ActiveCfg = Debug|Any CPU
		{6ABA1D40-653F-4323-8F00-BAFA8B343D20}.Debug|iPhone.Build.0 = Debug|Any CPU
		{6ABA1D40-653F-4323-8F00-BAFA8B343D20}.Debug|iPhone.Deploy.0 = Debug|Any CPU
		{6ABA1D40-653F-4323-8F00-BAFA8B343D20}.Debug|iPhoneSimulator.ActiveCfg = Debug|Any CPU
		{6ABA1D40-653F-4323-8F00-BAFA8B343D20}.Debug|iPhoneSimulator.Build.0 = Debug|Any CPU
		{6ABA1D40-653F-4323-8F00-BAFA8B343D20}.Debug|iPhoneSimulator.Deploy.0 = Debug|Any CPU
		{6ABA1D40-653F-4323-8F00-BAFA8B343D20}.Debug|x64.ActiveCfg = Debug|Any CPU
		{6ABA1D40-653F-4323-8F00-BAFA8B343D20}.Debug|x64.Build.0 = Debug|Any CPU
		{6ABA1D40-653F-4323-8F00-BAFA8B343D20}.Debug|x64.Deploy.0 = Debug|Any CPU
		{6ABA1D40-653F-4323-8F00-BAFA8B343D20}.Debug|x86.ActiveCfg = Debug|Any CPU
		{6ABA1D40-653F-4323-8F00-BAFA8B343D20}.Debug|x86.Build.0 = Debug|Any CPU
		{6ABA1D40-653F-4323-8F00-BAFA8B343D20}.Debug|x86.Deploy.0 = Debug|Any CPU
		{6ABA1D40-653F-4323-8F00-BAFA8B343D20}.Release|Any CPU.ActiveCfg = Release|Any CPU
		{6ABA1D40-653F-4323-8F00-BAFA8B343D20}.Release|Any CPU.Build.0 = Release|Any CPU
		{6ABA1D40-653F-4323-8F00-BAFA8B343D20}.Release|Any CPU.Deploy.0 = Release|Any CPU
		{6ABA1D40-653F-4323-8F00-BAFA8B343D20}.Release|ARM.ActiveCfg = Release|Any CPU
		{6ABA1D40-653F-4323-8F00-BAFA8B343D20}.Release|ARM.Build.0 = Release|Any CPU
		{6ABA1D40-653F-4323-8F00-BAFA8B343D20}.Release|ARM.Deploy.0 = Release|Any CPU
		{6ABA1D40-653F-4323-8F00-BAFA8B343D20}.Release|iPhone.ActiveCfg = Release|Any CPU
		{6ABA1D40-653F-4323-8F00-BAFA8B343D20}.Release|iPhone.Build.0 = Release|Any CPU
		{6ABA1D40-653F-4323-8F00-BAFA8B343D20}.Release|iPhone.Deploy.0 = Release|Any CPU
		{6ABA1D40-653F-4323-8F00-BAFA8B343D20}.Release|iPhoneSimulator.ActiveCfg = Release|Any CPU
		{6ABA1D40-653F-4323-8F00-BAFA8B343D20}.Release|iPhoneSimulator.Build.0 = Release|Any CPU
		{6ABA1D40-653F-4323-8F00-BAFA8B343D20}.Release|iPhoneSimulator.Deploy.0 = Release|Any CPU
		{6ABA1D40-653F-4323-8F00-BAFA8B343D20}.Release|x64.ActiveCfg = Release|Any CPU
		{6ABA1D40-653F-4323-8F00-BAFA8B343D20}.Release|x64.Build.0 = Release|Any CPU
		{6ABA1D40-653F-4323-8F00-BAFA8B343D20}.Release|x64.Deploy.0 = Release|Any CPU
		{6ABA1D40-653F-4323-8F00-BAFA8B343D20}.Release|x86.ActiveCfg = Release|Any CPU
		{6ABA1D40-653F-4323-8F00-BAFA8B343D20}.Release|x86.Build.0 = Release|Any CPU
		{6ABA1D40-653F-4323-8F00-BAFA8B343D20}.Release|x86.Deploy.0 = Release|Any CPU
	EndGlobalSection
	GlobalSection(SolutionProperties) = preSolution
		HideSolutionNode = FALSE
	EndGlobalSection
	GlobalSection(ExtensibilityGlobals) = postSolution
		SolutionGuid = {5A550454-90C0-4BAD-9CDA-3B046A732FD7}
	EndGlobalSection
EndGlobal
