
Microsoft Visual Studio Solution File, Format Version 12.00
# Visual Studio Version 17
VisualStudioVersion = 17.0.31612.314
MinimumVisualStudioVersion = 10.0.40219.1
Project("{9A19103F-16F7-4668-BE54-9A1E7A4F7556}") = "HelloMAUI", "HelloMAUI\HelloMAUI\HelloMAUI.csproj", "{11FB9A30-DC30-40F9-A772-3621B806F9B5}"
EndProject
Project("{9A19103F-16F7-4668-BE54-9A1E7A4F7556}") = "HelloMAUI.WinUI", "HelloMAUI\HelloMAUI.WinUI\HelloMAUI.WinUI.csproj", "{D158BE96-CF31-4D5D-A02A-F45C800CB216}"
EndProject
Global
	GlobalSection(SolutionConfigurationPlatforms) = preSolution
		Debug|Any CPU = Debug|Any CPU
		Release|Any CPU = Release|Any CPU
	EndGlobalSection
	GlobalSection(ProjectConfigurationPlatforms) = postSolution
		{11FB9A30-DC30-40F9-A772-3621B806F9B5}.Debug|Any CPU.ActiveCfg = Debug|Any CPU
		{11FB9A30-DC30-40F9-A772-3621B806F9B5}.Debug|Any CPU.Build.0 = Debug|Any CPU
		{11FB9A30-DC30-40F9-A772-3621B806F9B5}.Debug|Any CPU.Deploy.0 = Debug|Any CPU
		{11FB9A30-DC30-40F9-A772-3621B806F9B5}.Release|Any CPU.ActiveCfg = Release|Any CPU
		{11FB9A30-DC30-40F9-A772-3621B806F9B5}.Release|Any CPU.Build.0 = Release|Any CPU
		{11FB9A30-DC30-40F9-A772-3621B806F9B5}.Release|Any CPU.Deploy.0 = Release|Any CPU
		{D158BE96-CF31-4D5D-A02A-F45C800CB216}.Debug|Any CPU.ActiveCfg = Debug|Any CPU
		{D158BE96-CF31-4D5D-A02A-F45C800CB216}.Debug|Any CPU.Build.0 = Debug|Any CPU
		{D158BE96-CF31-4D5D-A02A-F45C800CB216}.Debug|Any CPU.Deploy.0 = Debug|Any CPU
		{D158BE96-CF31-4D5D-A02A-F45C800CB216}.Release|Any CPU.ActiveCfg = Release|Any CPU
		{D158BE96-CF31-4D5D-A02A-F45C800CB216}.Release|Any CPU.Build.0 = Release|Any CPU
		{D158BE96-CF31-4D5D-A02A-F45C800CB216}.Release|Any CPU.Deploy.0 = Release|Any CPU
	EndGlobalSection
	GlobalSection(SolutionProperties) = preSolution
		HideSolutionNode = FALSE
	EndGlobalSection
	GlobalSection(ExtensibilityGlobals) = postSolution
		SolutionGuid = {61F7FB11-1E47-470C-91E2-47F8143E1572}
	EndGlobalSection
EndGlobal
